[[package]]
name = "dawg-python"
version = "0.7.2"
description = "Pure-python reader for DAWGs (DAFSAs) created by dawgdic C++ library or DAWG Python extension."
category = "main"
optional = false
python-versions = "*"

[[package]]
name = "docopt"
version = "0.6.2"
description = "Pythonic argument parser, that will make you smile"
category = "main"
optional = false
python-versions = "*"

[[package]]
name = "intervaltree"
version = "3.1.0"
description = "Editable interval tree data structure for Python 2 and 3"
category = "main"
optional = false
python-versions = "*"

[package.dependencies]
sortedcontainers = ">=2.0,<3.0"

[[package]]
name = "ipymarkup"
version = "0.9.0"
description = "NER, syntax tree markup visualisations for Jupyter Notebook"
category = "main"
optional = false
python-versions = "*"

[package.dependencies]
intervaltree = ">=3"

[[package]]
name = "lxml"
version = "4.9.2"
description = "Powerful and Pythonic XML processing library combining libxml2/libxslt with the ElementTree API."
category = "main"
optional = false
python-versions = ">=2.7, !=3.0.*, !=3.1.*, !=3.2.*, !=3.3.*, != 3.4.*"

[package.extras]
cssselect = ["cssselect (>=0.7)"]
html5 = ["html5lib"]
htmlsoup = ["beautifulsoup4"]
source = ["Cython (>=0.29.7)"]

[[package]]
name = "natasha"
version = "1.5.0"
description = "Named-entity recognition for russian language"
category = "main"
optional = false
python-versions = "*"

[package.dependencies]
ipymarkup = ">=0.8.0"
navec = ">=0.9.0"
pymorphy2 = "*"
razdel = ">=0.5.0"
slovnet = ">=0.6.0"
yargy = ">=0.14.0"

[[package]]
name = "navec"
version = "0.10.0"
description = "Compact high quality word embeddings for russian language"
category = "main"
optional = false
python-versions = "*"

[package.dependencies]
numpy = "*"

[[package]]
name = "numpy"
version = "1.24.2"
description = "Fundamental package for array computing in Python"
category = "main"
optional = false
python-versions = ">=3.8"

[[package]]
name = "pandas"
version = "1.5.3"
description = "Powerful data structures for data analysis, time series, and statistics"
category = "main"
optional = false
python-versions = ">=3.8"

[package.dependencies]
numpy = [
    {version = ">=1.21.0", markers = "python_version >= \"3.10\""},
    {version = ">=1.23.2", markers = "python_version >= \"3.11\""},
]
python-dateutil = ">=2.8.1"
pytz = ">=2020.1"

[package.extras]
test = ["hypothesis (>=5.5.3)", "pytest (>=6.0)", "pytest-xdist (>=1.31)"]

[[package]]
name = "pymorphy2"
version = "0.9.1"
description = "Morphological analyzer (POS tagger + inflection engine) for Russian language."
category = "main"
optional = false
python-versions = "*"

[package.dependencies]
dawg-python = ">=0.7.1"
docopt = ">=0.6"
pymorphy2-dicts-ru = ">=2.4,<3.0"

[package.extras]
fast = ["DAWG (>=0.8)"]

[[package]]
name = "pymorphy2-dicts-ru"
version = "2.4.417127.4579844"
description = "Russian dictionaries for pymorphy2"
category = "main"
optional = false
python-versions = "*"

[[package]]
name = "python-dateutil"
version = "2.8.2"
description = "Extensions to the standard Python datetime module"
category = "main"
optional = false
python-versions = "!=3.0.*,!=3.1.*,!=3.2.*,>=2.7"

[package.dependencies]
six = ">=1.5"

[[package]]
name = "pytz"
version = "2022.7.1"
description = "World timezone definitions, modern and historical"
category = "main"
optional = false
python-versions = "*"

[[package]]
name = "razdel"
version = "0.5.0"
description = "Splits russian text into tokens, sentences, section. Rule-based"
category = "main"
optional = false
python-versions = "*"

[[package]]
name = "six"
version = "1.16.0"
description = "Python 2 and 3 compatibility utilities"
category = "main"
optional = false
python-versions = ">=2.7, !=3.0.*, !=3.1.*, !=3.2.*"

[[package]]
name = "slovnet"
version = "0.6.0"
description = "Deep-learning based NLP modeling for Russian language"
category = "main"
optional = false
python-versions = "*"

[package.dependencies]
navec = "*"
numpy = "*"
razdel = "*"

[[package]]
name = "sortedcontainers"
version = "2.4.0"
description = "Sorted Containers -- Sorted List, Sorted Dict, Sorted Set"
category = "main"
optional = false
python-versions = "*"

[[package]]
name = "xlsxwriter"
version = "3.0.8"
description = "A Python module for creating Excel XLSX files."
category = "main"
optional = false
python-versions = ">=3.6"

[[package]]
name = "yargy"
version = "0.15.1"
description = "Rule-based facts extraction for Russian language"
category = "main"
optional = false
python-versions = "*"

[package.dependencies]
pymorphy2 = "*"

[metadata]
lock-version = "1.1"
python-versions = "^3.10"
content-hash = "c0be39946996cd8d85338b5078f804ac48c840c31b18f699a87c20fc052882b0"

[metadata.files]
dawg-python = []
docopt = []
intervaltree = []
ipymarkup = []
lxml = []
natasha = []
navec = []
numpy = []
pandas = []
pymorphy2 = []
pymorphy2-dicts-ru = []
python-dateutil = []
pytz = []
razdel = []
six = []
slovnet = []
sortedcontainers = []
xlsxwriter = []
yargy = []
